
Microsoft Visual Studio Solution File, Format Version 12.00
# Visual Studio 2013
VisualStudioVersion = 12.0.30110.0
MinimumVisualStudioVersion = 10.0.40219.1
Project("{FAE04EC0-301F-11D3-BF4B-00C04F79EFBC}") = "littleTian", "littleTian\littleTian.csproj", "{5FB6645A-A2DA-4438-B00E-1203C6BF7C52}"
EndProject
Project("{FAE04EC0-301F-11D3-BF4B-00C04F79EFBC}") = "LTDBAccess", "LTDBAccess\LTDBAccess.csproj", "{F7FE4448-C2A4-49D6-9FAB-135FB9E175CD}"
EndProject
Project("{FAE04EC0-301F-11D3-BF4B-00C04F79EFBC}") = "Answers", "Answers\Answers.csproj", "{02848634-15F0-4A14-88BE-FE136EC81D06}"
EndProject
Global
	GlobalSection(SolutionConfigurationPlatforms) = preSolution
		Debug|Any CPU = Debug|Any CPU
		Release|Any CPU = Release|Any CPU
	EndGlobalSection
	GlobalSection(ProjectConfigurationPlatforms) = postSolution
		{5FB6645A-A2DA-4438-B00E-1203C6BF7C52}.Debug|Any CPU.ActiveCfg = Debug|Any CPU
		{5FB6645A-A2DA-4438-B00E-1203C6BF7C52}.Debug|Any CPU.Build.0 = Debug|Any CPU
		{5FB6645A-A2DA-4438-B00E-1203C6BF7C52}.Release|Any CPU.ActiveCfg = Release|Any CPU
		{5FB6645A-A2DA-4438-B00E-1203C6BF7C52}.Release|Any CPU.Build.0 = Release|Any CPU
		{F7FE4448-C2A4-49D6-9FAB-135FB9E175CD}.Debug|Any CPU.ActiveCfg = Debug|Any CPU
		{F7FE4448-C2A4-49D6-9FAB-135FB9E175CD}.Debug|Any CPU.Build.0 = Debug|Any CPU
		{F7FE4448-C2A4-49D6-9FAB-135FB9E175CD}.Release|Any CPU.ActiveCfg = Release|Any CPU
		{F7FE4448-C2A4-49D6-9FAB-135FB9E175CD}.Release|Any CPU.Build.0 = Release|Any CPU
		{02848634-15F0-4A14-88BE-FE136EC81D06}.Debug|Any CPU.ActiveCfg = Debug|Any CPU
		{02848634-15F0-4A14-88BE-FE136EC81D06}.Debug|Any CPU.Build.0 = Debug|Any CPU
		{02848634-15F0-4A14-88BE-FE136EC81D06}.Release|Any CPU.ActiveCfg = Release|Any CPU
		{02848634-15F0-4A14-88BE-FE136EC81D06}.Release|Any CPU.Build.0 = Release|Any CPU
	EndGlobalSection
	GlobalSection(SolutionProperties) = preSolution
		HideSolutionNode = FALSE
	EndGlobalSection
EndGlobal
